// !$*UTF8*$!
{
	archiveVersion = 1;
	classes = {
	};
	objectVersion = 56;
	objects = {

/* Begin PBXBuildFile section */
		487894822A860BA300B2D203 /* _023_LikeLion_Hackathon_SwiftApp.swift in Sources */ = {isa = PBXBuildFile; fileRef = 487894812A860BA300B2D203 /* _023_LikeLion_Hackathon_SwiftApp.swift */; };
		487894842A860BA300B2D203 /* ContentView.swift in Sources */ = {isa = PBXBuildFile; fileRef = 487894832A860BA300B2D203 /* ContentView.swift */; };
		487894862A860BA500B2D203 /* Assets.xcassets in Resources */ = {isa = PBXBuildFile; fileRef = 487894852A860BA500B2D203 /* Assets.xcassets */; };
		4878948A2A860BA500B2D203 /* Preview Assets.xcassets in Resources */ = {isa = PBXBuildFile; fileRef = 487894892A860BA500B2D203 /* Preview Assets.xcassets */; };
		487894912A860CD800B2D203 /* MyWebView.swift in Sources */ = {isa = PBXBuildFile; fileRef = 487894902A860CD800B2D203 /* MyWebView.swift */; };
		48EAA02B2A8BC80100176905 /* WidgetKit.framework in Frameworks */ = {isa = PBXBuildFile; fileRef = 48EAA02A2A8BC80100176905 /* WidgetKit.framework */; };
		48EAA02D2A8BC80100176905 /* SwiftUI.framework in Frameworks */ = {isa = PBXBuildFile; fileRef = 48EAA02C2A8BC80100176905 /* SwiftUI.framework */; };
		48EAA0302A8BC80100176905 /* MyWidgetBundle.swift in Sources */ = {isa = PBXBuildFile; fileRef = 48EAA02F2A8BC80100176905 /* MyWidgetBundle.swift */; };
		48EAA0322A8BC80100176905 /* MyWidgetLiveActivity.swift in Sources */ = {isa = PBXBuildFile; fileRef = 48EAA0312A8BC80100176905 /* MyWidgetLiveActivity.swift */; };
		48EAA0342A8BC80100176905 /* MyWidget.swift in Sources */ = {isa = PBXBuildFile; fileRef = 48EAA0332A8BC80100176905 /* MyWidget.swift */; };
		48EAA0372A8BC80200176905 /* Assets.xcassets in Resources */ = {isa = PBXBuildFile; fileRef = 48EAA0362A8BC80200176905 /* Assets.xcassets */; };
		48EAA0392A8BC80200176905 /* MyWidget.intentdefinition in Sources */ = {isa = PBXBuildFile; fileRef = 48EAA0352A8BC80100176905 /* MyWidget.intentdefinition */; };
		48EAA03A2A8BC80200176905 /* MyWidget.intentdefinition in Sources */ = {isa = PBXBuildFile; fileRef = 48EAA0352A8BC80100176905 /* MyWidget.intentdefinition */; };
		48EAA03D2A8BC80200176905 /* MyWidgetExtension.appex in Embed Foundation Extensions */ = {isa = PBXBuildFile; fileRef = 48EAA0282A8BC80100176905 /* MyWidgetExtension.appex */; settings = {ATTRIBUTES = (RemoveHeadersOnCopy, ); }; };
/* End PBXBuildFile section */

/* Begin PBXContainerItemProxy section */
		48EAA03B2A8BC80200176905 /* PBXContainerItemProxy */ = {
			isa = PBXContainerItemProxy;
			containerPortal = 487894762A860BA300B2D203 /* Project object */;
			proxyType = 1;
			remoteGlobalIDString = 48EAA0272A8BC80100176905;
			remoteInfo = MyWidgetExtension;
		};
/* End PBXContainerItemProxy section */

/* Begin PBXCopyFilesBuildPhase section */
		48EAA03E2A8BC80200176905 /* Embed Foundation Extensions */ = {
			isa = PBXCopyFilesBuildPhase;
			buildActionMask = 2147483647;
			dstPath = "";
			dstSubfolderSpec = 13;
			files = (
				48EAA03D2A8BC80200176905 /* MyWidgetExtension.appex in Embed Foundation Extensions */,
			);
			name = "Embed Foundation Extensions";
			runOnlyForDeploymentPostprocessing = 0;
		};
/* End PBXCopyFilesBuildPhase section */

/* Begin PBXFileReference section */
		4878947E2A860BA300B2D203 /* 2023-LikeLion-Hackathon-Swift.app */ = {isa = PBXFileReference; explicitFileType = wrapper.application; includeInIndex = 0; path = "2023-LikeLion-Hackathon-Swift.app"; sourceTree = BUILT_PRODUCTS_DIR; };
		487894812A860BA300B2D203 /* _023_LikeLion_Hackathon_SwiftApp.swift */ = {isa = PBXFileReference; lastKnownFileType = sourcecode.swift; path = _023_LikeLion_Hackathon_SwiftApp.swift; sourceTree = "<group>"; };
		487894832A860BA300B2D203 /* ContentView.swift */ = {isa = PBXFileReference; lastKnownFileType = sourcecode.swift; path = ContentView.swift; sourceTree = "<group>"; };
		487894852A860BA500B2D203 /* Assets.xcassets */ = {isa = PBXFileReference; lastKnownFileType = folder.assetcatalog; path = Assets.xcassets; sourceTree = "<group>"; };
		487894872A860BA500B2D203 /* _023_LikeLion_Hackathon_Swift.entitlements */ = {isa = PBXFileReference; lastKnownFileType = text.plist.entitlements; path = _023_LikeLion_Hackathon_Swift.entitlements; sourceTree = "<group>"; };
		487894892A860BA500B2D203 /* Preview Assets.xcassets */ = {isa = PBXFileReference; lastKnownFileType = folder.assetcatalog; path = "Preview Assets.xcassets"; sourceTree = "<group>"; };
		487894902A860CD800B2D203 /* MyWebView.swift */ = {isa = PBXFileReference; lastKnownFileType = sourcecode.swift; path = MyWebView.swift; sourceTree = "<group>"; };
		48CE755A2A860DA90098BB93 /* -023-LikeLion-Hackathon-Swift-Info.plist */ = {isa = PBXFileReference; lastKnownFileType = text.plist; path = "-023-LikeLion-Hackathon-Swift-Info.plist"; sourceTree = SOURCE_ROOT; };
		48EAA0282A8BC80100176905 /* MyWidgetExtension.appex */ = {isa = PBXFileReference; explicitFileType = "wrapper.app-extension"; includeInIndex = 0; path = MyWidgetExtension.appex; sourceTree = BUILT_PRODUCTS_DIR; };
		48EAA02A2A8BC80100176905 /* WidgetKit.framework */ = {isa = PBXFileReference; lastKnownFileType = wrapper.framework; name = WidgetKit.framework; path = System/Library/Frameworks/WidgetKit.framework; sourceTree = SDKROOT; };
		48EAA02C2A8BC80100176905 /* SwiftUI.framework */ = {isa = PBXFileReference; lastKnownFileType = wrapper.framework; name = SwiftUI.framework; path = System/Library/Frameworks/SwiftUI.framework; sourceTree = SDKROOT; };
		48EAA02F2A8BC80100176905 /* MyWidgetBundle.swift */ = {isa = PBXFileReference; lastKnownFileType = sourcecode.swift; path = MyWidgetBundle.swift; sourceTree = "<group>"; };
		48EAA0312A8BC80100176905 /* MyWidgetLiveActivity.swift */ = {isa = PBXFileReference; lastKnownFileType = sourcecode.swift; path = MyWidgetLiveActivity.swift; sourceTree = "<group>"; };
		48EAA0332A8BC80100176905 /* MyWidget.swift */ = {isa = PBXFileReference; lastKnownFileType = sourcecode.swift; path = MyWidget.swift; sourceTree = "<group>"; };
		48EAA0352A8BC80100176905 /* MyWidget.intentdefinition */ = {isa = PBXFileReference; lastKnownFileType = file.intentdefinition; path = MyWidget.intentdefinition; sourceTree = "<group>"; };
		48EAA0362A8BC80200176905 /* Assets.xcassets */ = {isa = PBXFileReference; lastKnownFileType = folder.assetcatalog; path = Assets.xcassets; sourceTree = "<group>"; };
		48EAA0382A8BC80200176905 /* Info.plist */ = {isa = PBXFileReference; lastKnownFileType = text.plist.xml; path = Info.plist; sourceTree = "<group>"; };
/* End PBXFileReference section */

/* Begin PBXFrameworksBuildPhase section */
		4878947B2A860BA300B2D203 /* Frameworks */ = {
			isa = PBXFrameworksBuildPhase;
			buildActionMask = 2147483647;
			files = (
			);
			runOnlyForDeploymentPostprocessing = 0;
		};
		48EAA0252A8BC80100176905 /* Frameworks */ = {
			isa = PBXFrameworksBuildPhase;
			buildActionMask = 2147483647;
			files = (
				48EAA02D2A8BC80100176905 /* SwiftUI.framework in Frameworks */,
				48EAA02B2A8BC80100176905 /* WidgetKit.framework in Frameworks */,
			);
			runOnlyForDeploymentPostprocessing = 0;
		};
/* End PBXFrameworksBuildPhase section */

/* Begin PBXGroup section */
		487894752A860BA300B2D203 = {
			isa = PBXGroup;
			children = (
				487894802A860BA300B2D203 /* 2023-LikeLion-Hackathon-Swift */,
				48EAA02E2A8BC80100176905 /* MyWidget */,
				48EAA0292A8BC80100176905 /* Frameworks */,
				4878947F2A860BA300B2D203 /* Products */,
			);
			sourceTree = "<group>";
		};
		4878947F2A860BA300B2D203 /* Products */ = {
			isa = PBXGroup;
			children = (
				4878947E2A860BA300B2D203 /* 2023-LikeLion-Hackathon-Swift.app */,
				48EAA0282A8BC80100176905 /* MyWidgetExtension.appex */,
			);
			name = Products;
			sourceTree = "<group>";
		};
		487894802A860BA300B2D203 /* 2023-LikeLion-Hackathon-Swift */ = {
			isa = PBXGroup;
			children = (
				48CE755A2A860DA90098BB93 /* -023-LikeLion-Hackathon-Swift-Info.plist */,
				487894812A860BA300B2D203 /* _023_LikeLion_Hackathon_SwiftApp.swift */,
				487894902A860CD800B2D203 /* MyWebView.swift */,
				487894832A860BA300B2D203 /* ContentView.swift */,
				487894852A860BA500B2D203 /* Assets.xcassets */,
				487894872A860BA500B2D203 /* _023_LikeLion_Hackathon_Swift.entitlements */,
				487894882A860BA500B2D203 /* Preview Content */,
			);
			path = "2023-LikeLion-Hackathon-Swift";
			sourceTree = "<group>";
		};
		487894882A860BA500B2D203 /* Preview Content */ = {
			isa = PBXGroup;
			children = (
				487894892A860BA500B2D203 /* Preview Assets.xcassets */,
			);
			path = "Preview Content";
			sourceTree = "<group>";
		};
		48EAA0292A8BC80100176905 /* Frameworks */ = {
			isa = PBXGroup;
			children = (
				48EAA02A2A8BC80100176905 /* WidgetKit.framework */,
				48EAA02C2A8BC80100176905 /* SwiftUI.framework */,
			);
			name = Frameworks;
			sourceTree = "<group>";
		};
		48EAA02E2A8BC80100176905 /* MyWidget */ = {
			isa = PBXGroup;
			children = (
				48EAA02F2A8BC80100176905 /* MyWidgetBundle.swift */,
				48EAA0312A8BC80100176905 /* MyWidgetLiveActivity.swift */,
				48EAA0332A8BC80100176905 /* MyWidget.swift */,
				48EAA0352A8BC80100176905 /* MyWidget.intentdefinition */,
				48EAA0362A8BC80200176905 /* Assets.xcassets */,
				48EAA0382A8BC80200176905 /* Info.plist */,
			);
			path = MyWidget;
			sourceTree = "<group>";
		};
/* End PBXGroup section */

/* Begin PBXNativeTarget section */
		4878947D2A860BA300B2D203 /* 2023-LikeLion-Hackathon-Swift */ = {
			isa = PBXNativeTarget;
			buildConfigurationList = 4878948D2A860BA500B2D203 /* Build configuration list for PBXNativeTarget "2023-LikeLion-Hackathon-Swift" */;
			buildPhases = (
				4878947A2A860BA300B2D203 /* Sources */,
				4878947B2A860BA300B2D203 /* Frameworks */,
				4878947C2A860BA300B2D203 /* Resources */,
				48EAA03E2A8BC80200176905 /* Embed Foundation Extensions */,
			);
			buildRules = (
			);
			dependencies = (
				48EAA03C2A8BC80200176905 /* PBXTargetDependency */,
			);
			name = "2023-LikeLion-Hackathon-Swift";
			productName = "2023-LikeLion-Hackathon-Swift";
			productReference = 4878947E2A860BA300B2D203 /* 2023-LikeLion-Hackathon-Swift.app */;
			productType = "com.apple.product-type.application";
		};
		48EAA0272A8BC80100176905 /* MyWidgetExtension */ = {
			isa = PBXNativeTarget;
			buildConfigurationList = 48EAA0412A8BC80200176905 /* Build configuration list for PBXNativeTarget "MyWidgetExtension" */;
			buildPhases = (
				48EAA0242A8BC80100176905 /* Sources */,
				48EAA0252A8BC80100176905 /* Frameworks */,
				48EAA0262A8BC80100176905 /* Resources */,
			);
			buildRules = (
			);
			dependencies = (
			);
			name = MyWidgetExtension;
			productName = MyWidgetExtension;
			productReference = 48EAA0282A8BC80100176905 /* MyWidgetExtension.appex */;
			productType = "com.apple.product-type.app-extension";
		};
/* End PBXNativeTarget section */

/* Begin PBXProject section */
		487894762A860BA300B2D203 /* Project object */ = {
			isa = PBXProject;
			attributes = {
				BuildIndependentTargetsInParallel = 1;
				LastSwiftUpdateCheck = 1430;
				LastUpgradeCheck = 1430;
				TargetAttributes = {
					4878947D2A860BA300B2D203 = {
						CreatedOnToolsVersion = 14.3.1;
					};
					48EAA0272A8BC80100176905 = {
						CreatedOnToolsVersion = 14.3.1;
					};
				};
			};
			buildConfigurationList = 487894792A860BA300B2D203 /* Build configuration list for PBXProject "2023-LikeLion-Hackathon-Swift" */;
			compatibilityVersion = "Xcode 14.0";
			developmentRegion = en;
			hasScannedForEncodings = 0;
			knownRegions = (
				en,
				Base,
			);
			mainGroup = 487894752A860BA300B2D203;
			productRefGroup = 4878947F2A860BA300B2D203 /* Products */;
			projectDirPath = "";
			projectRoot = "";
			targets = (
				4878947D2A860BA300B2D203 /* 2023-LikeLion-Hackathon-Swift */,
				48EAA0272A8BC80100176905 /* MyWidgetExtension */,
			);
		};
/* End PBXProject section */

/* Begin PBXResourcesBuildPhase section */
		4878947C2A860BA300B2D203 /* Resources */ = {
			isa = PBXResourcesBuildPhase;
			buildActionMask = 2147483647;
			files = (
				4878948A2A860BA500B2D203 /* Preview Assets.xcassets in Resources */,
				487894862A860BA500B2D203 /* Assets.xcassets in Resources */,
			);
			runOnlyForDeploymentPostprocessing = 0;
		};
		48EAA0262A8BC80100176905 /* Resources */ = {
			isa = PBXResourcesBuildPhase;
			buildActionMask = 2147483647;
			files = (
				48EAA0372A8BC80200176905 /* Assets.xcassets in Resources */,
			);
			runOnlyForDeploymentPostprocessing = 0;
		};
/* End PBXResourcesBuildPhase section */

/* Begin PBXSourcesBuildPhase section */
		4878947A2A860BA300B2D203 /* Sources */ = {
			isa = PBXSourcesBuildPhase;
			buildActionMask = 2147483647;
			files = (
				48EAA03A2A8BC80200176905 /* MyWidget.intentdefinition in Sources */,
				487894842A860BA300B2D203 /* ContentView.swift in Sources */,
				487894912A860CD800B2D203 /* MyWebView.swift in Sources */,
				487894822A860BA300B2D203 /* _023_LikeLion_Hackathon_SwiftApp.swift in Sources */,
			);
			runOnlyForDeploymentPostprocessing = 0;
		};
		48EAA0242A8BC80100176905 /* Sources */ = {
			isa = PBXSourcesBuildPhase;
			buildActionMask = 2147483647;
			files = (
				48EAA0392A8BC80200176905 /* MyWidget.intentdefinition in Sources */,
				48EAA0322A8BC80100176905 /* MyWidgetLiveActivity.swift in Sources */,
				48EAA0302A8BC80100176905 /* MyWidgetBundle.swift in Sources */,
				48EAA0342A8BC80100176905 /* MyWidget.swift in Sources */,
			);
			runOnlyForDeploymentPostprocessing = 0;
		};
/* End PBXSourcesBuildPhase section */

/* Begin PBXTargetDependency section */
		48EAA03C2A8BC80200176905 /* PBXTargetDependency */ = {
			isa = PBXTargetDependency;
			target = 48EAA0272A8BC80100176905 /* MyWidgetExtension */;
			targetProxy = 48EAA03B2A8BC80200176905 /* PBXContainerItemProxy */;
		};
/* End PBXTargetDependency section */

/* Begin XCBuildConfiguration section */
		4878948B2A860BA500B2D203 /* Debug */ = {
			isa = XCBuildConfiguration;
			buildSettings = {
				ALWAYS_SEARCH_USER_PATHS = NO;
				CLANG_ANALYZER_NONNULL = YES;
				CLANG_ANALYZER_NUMBER_OBJECT_CONVERSION = YES_AGGRESSIVE;
				CLANG_CXX_LANGUAGE_STANDARD = "gnu++20";
				CLANG_ENABLE_MODULES = YES;
				CLANG_ENABLE_OBJC_ARC = YES;
				CLANG_ENABLE_OBJC_WEAK = YES;
				CLANG_WARN_BLOCK_CAPTURE_AUTORELEASING = YES;
				CLANG_WARN_BOOL_CONVERSION = YES;
				CLANG_WARN_COMMA = YES;
				CLANG_WARN_CONSTANT_CONVERSION = YES;
				CLANG_WARN_DEPRECATED_OBJC_IMPLEMENTATIONS = YES;
				CLANG_WARN_DIRECT_OBJC_ISA_USAGE = YES_ERROR;
				CLANG_WARN_DOCUMENTATION_COMMENTS = YES;
				CLANG_WARN_EMPTY_BODY = YES;
				CLANG_WARN_ENUM_CONVERSION = YES;
				CLANG_WARN_INFINITE_RECURSION = YES;
				CLANG_WARN_INT_CONVERSION = YES;
				CLANG_WARN_NON_LITERAL_NULL_CONVERSION = YES;
				CLANG_WARN_OBJC_IMPLICIT_RETAIN_SELF = YES;
				CLANG_WARN_OBJC_LITERAL_CONVERSION = YES;
				CLANG_WARN_OBJC_ROOT_CLASS = YES_ERROR;
				CLANG_WARN_QUOTED_INCLUDE_IN_FRAMEWORK_HEADER = YES;
				CLANG_WARN_RANGE_LOOP_ANALYSIS = YES;
				CLANG_WARN_STRICT_PROTOTYPES = YES;
				CLANG_WARN_SUSPICIOUS_MOVE = YES;
				CLANG_WARN_UNGUARDED_AVAILABILITY = YES_AGGRESSIVE;
				CLANG_WARN_UNREACHABLE_CODE = YES;
				CLANG_WARN__DUPLICATE_METHOD_MATCH = YES;
				COPY_PHASE_STRIP = NO;
				DEBUG_INFORMATION_FORMAT = dwarf;
				ENABLE_STRICT_OBJC_MSGSEND = YES;
				ENABLE_TESTABILITY = YES;
				GCC_C_LANGUAGE_STANDARD = gnu11;
				GCC_DYNAMIC_NO_PIC = NO;
				GCC_NO_COMMON_BLOCKS = YES;
				GCC_OPTIMIZATION_LEVEL = 0;
				GCC_PREPROCESSOR_DEFINITIONS = (
					"DEBUG=1",
					"$(inherited)",
				);
				GCC_WARN_64_TO_32_BIT_CONVERSION = YES;
				GCC_WARN_ABOUT_RETURN_TYPE = YES_ERROR;
				GCC_WARN_UNDECLARED_SELECTOR = YES;
				GCC_WARN_UNINITIALIZED_AUTOS = YES_AGGRESSIVE;
				GCC_WARN_UNUSED_FUNCTION = YES;
				GCC_WARN_UNUSED_VARIABLE = YES;
				MTL_ENABLE_DEBUG_INFO = INCLUDE_SOURCE;
				MTL_FAST_MATH = YES;
				ONLY_ACTIVE_ARCH = YES;
				SWIFT_ACTIVE_COMPILATION_CONDITIONS = DEBUG;
				SWIFT_OPTIMIZATION_LEVEL = "-Onone";
			};
			name = Debug;
		};
		4878948C2A860BA500B2D203 /* Release */ = {
			isa = XCBuildConfiguration;
			buildSettings = {
				ALWAYS_SEARCH_USER_PATHS = NO;
				CLANG_ANALYZER_NONNULL = YES;
				CLANG_ANALYZER_NUMBER_OBJECT_CONVERSION = YES_AGGRESSIVE;
				CLANG_CXX_LANGUAGE_STANDARD = "gnu++20";
				CLANG_ENABLE_MODULES = YES;
				CLANG_ENABLE_OBJC_ARC = YES;
				CLANG_ENABLE_OBJC_WEAK = YES;
				CLANG_WARN_BLOCK_CAPTURE_AUTORELEASING = YES;
				CLANG_WARN_BOOL_CONVERSION = YES;
				CLANG_WARN_COMMA = YES;
				CLANG_WARN_CONSTANT_CONVERSION = YES;
				CLANG_WARN_DEPRECATED_OBJC_IMPLEMENTATIONS = YES;
				CLANG_WARN_DIRECT_OBJC_ISA_USAGE = YES_ERROR;
				CLANG_WARN_DOCUMENTATION_COMMENTS = YES;
				CLANG_WARN_EMPTY_BODY = YES;
				CLANG_WARN_ENUM_CONVERSION = YES;
				CLANG_WARN_INFINITE_RECURSION = YES;
				CLANG_WARN_INT_CONVERSION = YES;
				CLANG_WARN_NON_LITERAL_NULL_CONVERSION = YES;
				CLANG_WARN_OBJC_IMPLICIT_RETAIN_SELF = YES;
				CLANG_WARN_OBJC_LITERAL_CONVERSION = YES;
				CLANG_WARN_OBJC_ROOT_CLASS = YES_ERROR;
				CLANG_WARN_QUOTED_INCLUDE_IN_FRAMEWORK_HEADER = YES;
				CLANG_WARN_RANGE_LOOP_ANALYSIS = YES;
				CLANG_WARN_STRICT_PROTOTYPES = YES;
				CLANG_WARN_SUSPICIOUS_MOVE = YES;
				CLANG_WARN_UNGUARDED_AVAILABILITY = YES_AGGRESSIVE;
				CLANG_WARN_UNREACHABLE_CODE = YES;
				CLANG_WARN__DUPLICATE_METHOD_MATCH = YES;
				COPY_PHASE_STRIP = NO;
				DEBUG_INFORMATION_FORMAT = "dwarf-with-dsym";
				ENABLE_NS_ASSERTIONS = NO;
				ENABLE_STRICT_OBJC_MSGSEND = YES;
				GCC_C_LANGUAGE_STANDARD = gnu11;
				GCC_NO_COMMON_BLOCKS = YES;
				GCC_WARN_64_TO_32_BIT_CONVERSION = YES;
				GCC_WARN_ABOUT_RETURN_TYPE = YES_ERROR;
				GCC_WARN_UNDECLARED_SELECTOR = YES;
				GCC_WARN_UNINITIALIZED_AUTOS = YES_AGGRESSIVE;
				GCC_WARN_UNUSED_FUNCTION = YES;
				GCC_WARN_UNUSED_VARIABLE = YES;
				MTL_ENABLE_DEBUG_INFO = NO;
				MTL_FAST_MATH = YES;
				SWIFT_COMPILATION_MODE = wholemodule;
				SWIFT_OPTIMIZATION_LEVEL = "-O";
			};
			name = Release;
		};
		4878948E2A860BA500B2D203 /* Debug */ = {
			isa = XCBuildConfiguration;
			buildSettings = {
				ALWAYS_EMBED_SWIFT_STANDARD_LIBRARIES = YES;
				ASSETCATALOG_COMPILER_APPICON_NAME = AppIcon;
				ASSETCATALOG_COMPILER_GLOBAL_ACCENT_COLOR_NAME = AccentColor;
				CODE_SIGN_ENTITLEMENTS = "2023-LikeLion-Hackathon-Swift/_023_LikeLion_Hackathon_Swift.entitlements";
				CODE_SIGN_STYLE = Automatic;
				CURRENT_PROJECT_VERSION = 1;
				DEVELOPMENT_ASSET_PATHS = "\"2023-LikeLion-Hackathon-Swift/Preview Content\"";
				DEVELOPMENT_TEAM = 8H945XJJGA;
				ENABLE_HARDENED_RUNTIME = YES;
				ENABLE_PREVIEWS = YES;
				GENERATE_INFOPLIST_FILE = YES;
				INFOPLIST_FILE = "-023-LikeLion-Hackathon-Swift-Info.plist";
				"INFOPLIST_KEY_UIApplicationSceneManifest_Generation[sdk=iphoneos*]" = YES;
				"INFOPLIST_KEY_UIApplicationSceneManifest_Generation[sdk=iphonesimulator*]" = YES;
				"INFOPLIST_KEY_UIApplicationSupportsIndirectInputEvents[sdk=iphoneos*]" = YES;
				"INFOPLIST_KEY_UIApplicationSupportsIndirectInputEvents[sdk=iphonesimulator*]" = YES;
				"INFOPLIST_KEY_UILaunchScreen_Generation[sdk=iphoneos*]" = YES;
				"INFOPLIST_KEY_UILaunchScreen_Generation[sdk=iphonesimulator*]" = YES;
				"INFOPLIST_KEY_UIStatusBarStyle[sdk=iphoneos*]" = UIStatusBarStyleDefault;
				"INFOPLIST_KEY_UIStatusBarStyle[sdk=iphonesimulator*]" = UIStatusBarStyleDefault;
				INFOPLIST_KEY_UISupportedInterfaceOrientations_iPad = "UIInterfaceOrientationPortrait UIInterfaceOrientationPortraitUpsideDown UIInterfaceOrientationLandscapeLeft UIInterfaceOrientationLandscapeRight";
				INFOPLIST_KEY_UISupportedInterfaceOrientations_iPhone = "UIInterfaceOrientationPortrait UIInterfaceOrientationLandscapeLeft UIInterfaceOrientationLandscapeRight";
				IPHONEOS_DEPLOYMENT_TARGET = 16.4;
				LD_RUNPATH_SEARCH_PATHS = "@executable_path/Frameworks";
				"LD_RUNPATH_SEARCH_PATHS[sdk=macosx*]" = "@executable_path/../Frameworks";
				MACOSX_DEPLOYMENT_TARGET = 13.3;
				MARKETING_VERSION = 1.0;
				PRODUCT_BUNDLE_IDENTIFIER = "com.2023-LikeLion-Hackathon-Swift";
				PRODUCT_NAME = "$(TARGET_NAME)";
				SDKROOT = auto;
				SUPPORTED_PLATFORMS = "iphoneos iphonesimulator macosx";
				SWIFT_EMIT_LOC_STRINGS = YES;
				SWIFT_VERSION = 5.0;
				TARGETED_DEVICE_FAMILY = "1,2";
			};
			name = Debug;
		};
		4878948F2A860BA500B2D203 /* Release */ = {
			isa = XCBuildConfiguration;
			buildSettings = {
				ALWAYS_EMBED_SWIFT_STANDARD_LIBRARIES = YES;
				ASSETCATALOG_COMPILER_APPICON_NAME = AppIcon;
				ASSETCATALOG_COMPILER_GLOBAL_ACCENT_COLOR_NAME = AccentColor;
				CODE_SIGN_ENTITLEMENTS = "2023-LikeLion-Hackathon-Swift/_023_LikeLion_Hackathon_Swift.entitlements";
				CODE_SIGN_STYLE = Automatic;
				CURRENT_PROJECT_VERSION = 1;
				DEVELOPMENT_ASSET_PATHS = "\"2023-LikeLion-Hackathon-Swift/Preview Content\"";
				DEVELOPMENT_TEAM = 8H945XJJGA;
				ENABLE_HARDENED_RUNTIME = YES;
				ENABLE_PREVIEWS = YES;
				GENERATE_INFOPLIST_FILE = YES;
				INFOPLIST_FILE = "-023-LikeLion-Hackathon-Swift-Info.plist";
				"INFOPLIST_KEY_UIApplicationSceneManifest_Generation[sdk=iphoneos*]" = YES;
				"INFOPLIST_KEY_UIApplicationSceneManifest_Generation[sdk=iphonesimulator*]" = YES;
				"INFOPLIST_KEY_UIApplicationSupportsIndirectInputEvents[sdk=iphoneos*]" = YES;
				"INFOPLIST_KEY_UIApplicationSupportsIndirectInputEvents[sdk=iphonesimulator*]" = YES;
				"INFOPLIST_KEY_UILaunchScreen_Generation[sdk=iphoneos*]" = YES;
				"INFOPLIST_KEY_UILaunchScreen_Generation[sdk=iphonesimulator*]" = YES;
				"INFOPLIST_KEY_UIStatusBarStyle[sdk=iphoneos*]" = UIStatusBarStyleDefault;
				"INFOPLIST_KEY_UIStatusBarStyle[sdk=iphonesimulator*]" = UIStatusBarStyleDefault;
				INFOPLIST_KEY_UISupportedInterfaceOrientations_iPad = "UIInterfaceOrientationPortrait UIInterfaceOrientationPortraitUpsideDown UIInterfaceOrientationLandscapeLeft UIInterfaceOrientationLandscapeRight";
				INFOPLIST_KEY_UISupportedInterfaceOrientations_iPhone = "UIInterfaceOrientationPortrait UIInterfaceOrientationLandscapeLeft UIInterfaceOrientationLandscapeRight";
				IPHONEOS_DEPLOYMENT_TARGET = 16.4;
				LD_RUNPATH_SEARCH_PATHS = "@executable_path/Frameworks";
				"LD_RUNPATH_SEARCH_PATHS[sdk=macosx*]" = "@executable_path/../Frameworks";
				MACOSX_DEPLOYMENT_TARGET = 13.3;
				MARKETING_VERSION = 1.0;
				PRODUCT_BUNDLE_IDENTIFIER = "com.2023-LikeLion-Hackathon-Swift";
				PRODUCT_NAME = "$(TARGET_NAME)";
				SDKROOT = auto;
				SUPPORTED_PLATFORMS = "iphoneos iphonesimulator macosx";
				SWIFT_EMIT_LOC_STRINGS = YES;
				SWIFT_VERSION = 5.0;
				TARGETED_DEVICE_FAMILY = "1,2";
			};
			name = Release;
		};
		48EAA03F2A8BC80200176905 /* Debug */ = {
			isa = XCBuildConfiguration;
			buildSettings = {
				ASSETCATALOG_COMPILER_GLOBAL_ACCENT_COLOR_NAME = AccentColor;
				ASSETCATALOG_COMPILER_WIDGET_BACKGROUND_COLOR_NAME = WidgetBackground;
				CODE_SIGN_STYLE = Automatic;
				CURRENT_PROJECT_VERSION = 1;
				DEVELOPMENT_TEAM = 8H945XJJGA;
				GENERATE_INFOPLIST_FILE = YES;
				INFOPLIST_FILE = MyWidget/Info.plist;
				INFOPLIST_KEY_CFBundleDisplayName = MyWidget;
				INFOPLIST_KEY_NSHumanReadableCopyright = "";
				IPHONEOS_DEPLOYMENT_TARGET = 16.4;
				LD_RUNPATH_SEARCH_PATHS = (
					"$(inherited)",
					"@executable_path/Frameworks",
					"@executable_path/../../Frameworks",
				);
				MARKETING_VERSION = 1.0;
				PRODUCT_BUNDLE_IDENTIFIER = "com.2023-LikeLion-Hackathon-Swift.MyWidget";
				PRODUCT_NAME = "$(TARGET_NAME)";
				SDKROOT = iphoneos;
				SKIP_INSTALL = YES;
				SWIFT_EMIT_LOC_STRINGS = YES;
				SWIFT_VERSION = 5.0;
				TARGETED_DEVICE_FAMILY = "1,2";
			};
			name = Debug;
		};
		48EAA0402A8BC80200176905 /* Release */ = {
			isa = XCBuildConfiguration;
			buildSettings = {
				ASSETCATALOG_COMPILER_GLOBAL_ACCENT_COLOR_NAME = AccentColor;
				ASSETCATALOG_COMPILER_WIDGET_BACKGROUND_COLOR_NAME = WidgetBackground;
				CODE_SIGN_STYLE = Automatic;
				CURRENT_PROJECT_VERSION = 1;
				DEVELOPMENT_TEAM = 8H945XJJGA;
				GENERATE_INFOPLIST_FILE = YES;
				INFOPLIST_FILE = MyWidget/Info.plist;
				INFOPLIST_KEY_CFBundleDisplayName = MyWidget;
				INFOPLIST_KEY_NSHumanReadableCopyright = "";
				IPHONEOS_DEPLOYMENT_TARGET = 16.4;
				LD_RUNPATH_SEARCH_PATHS = (
					"$(inherited)",
					"@executable_path/Frameworks",
					"@executable_path/../../Frameworks",
				);
				MARKETING_VERSION = 1.0;
				PRODUCT_BUNDLE_IDENTIFIER = "com.2023-LikeLion-Hackathon-Swift.MyWidget";
				PRODUCT_NAME = "$(TARGET_NAME)";
				SDKROOT = iphoneos;
				SKIP_INSTALL = YES;
				SWIFT_EMIT_LOC_STRINGS = YES;
				SWIFT_VERSION = 5.0;
				TARGETED_DEVICE_FAMILY = "1,2";
				VALIDATE_PRODUCT = YES;
			};
			name = Release;
		};
/* End XCBuildConfiguration section */

/* Begin XCConfigurationList section */
		487894792A860BA300B2D203 /* Build configuration list for PBXProject "2023-LikeLion-Hackathon-Swift" */ = {
			isa = XCConfigurationList;
			buildConfigurations = (
				4878948B2A860BA500B2D203 /* Debug */,
				4878948C2A860BA500B2D203 /* Release */,
			);
			defaultConfigurationIsVisible = 0;
			defaultConfigurationName = Release;
		};
		4878948D2A860BA500B2D203 /* Build configuration list for PBXNativeTarget "2023-LikeLion-Hackathon-Swift" */ = {
			isa = XCConfigurationList;
			buildConfigurations = (
				4878948E2A860BA500B2D203 /* Debug */,
				4878948F2A860BA500B2D203 /* Release */,
			);
			defaultConfigurationIsVisible = 0;
			defaultConfigurationName = Release;
		};
		48EAA0412A8BC80200176905 /* Build configuration list for PBXNativeTarget "MyWidgetExtension" */ = {
			isa = XCConfigurationList;
			buildConfigurations = (
				48EAA03F2A8BC80200176905 /* Debug */,
				48EAA0402A8BC80200176905 /* Release */,
			);
			defaultConfigurationIsVisible = 0;
			defaultConfigurationName = Release;
		};
/* End XCConfigurationList section */
	};
	rootObject = 487894762A860BA300B2D203 /* Project object */;
}
